
Microsoft Visual Studio Solution File, Format Version 12.00
# Visual Studio Version 16
VisualStudioVersion = 16.0.31624.102
MinimumVisualStudioVersion = 10.0.40219.1
Project("{9A19103F-16F7-4668-BE54-9A1E7A4F7556}") = "GA_FA", "GA_FA.csproj", "{24F20D73-7127-4CF6-BF56-21D36A6717D8}"
EndProject
Global
	GlobalSection(SolutionConfigurationPlatforms) = preSolution
		Debug|Any CPU = Debug|Any CPU
		Release|Any CPU = Release|Any CPU
	EndGlobalSection
	GlobalSection(ProjectConfigurationPlatforms) = postSolution
		{24F20D73-7127-4CF6-BF56-21D36A6717D8}.Debug|Any CPU.ActiveCfg = Debug|Any CPU
		{24F20D73-7127-4CF6-BF56-21D36A6717D8}.Debug|Any CPU.Build.0 = Debug|Any CPU
		{24F20D73-7127-4CF6-BF56-21D36A6717D8}.Release|Any CPU.ActiveCfg = Release|Any CPU
		{24F20D73-7127-4CF6-BF56-21D36A6717D8}.Release|Any CPU.Build.0 = Release|Any CPU
	EndGlobalSection
	GlobalSection(SolutionProperties) = preSolution
		HideSolutionNode = FALSE
	EndGlobalSection
	GlobalSection(ExtensibilityGlobals) = postSolution
		SolutionGuid = {7860481E-5806-4ED0-A78E-54F726A57347}
	EndGlobalSection
EndGlobal
